
Microsoft Visual Studio Solution File, Format Version 12.00
# Visual Studio 2015
Project("{FAE04EC0-301F-11D3-BF4B-00C04F79EFBC}") = "OG.CSharp.Plugins", "OG.CSharp.Plugins.csproj", "{6AFC22FF-6AE4-A684-7ADE-9DC30EC9DC81}"
EndProject
Project("{FAE04EC0-301F-11D3-BF4B-00C04F79EFBC}") = "OG.CSharp", "OG.CSharp.csproj", "{814B029F-D19B-985E-1580-EE3D8066008E}"
EndProject
Project("{FAE04EC0-301F-11D3-BF4B-00C04F79EFBC}") = "OG.CSharp.Editor", "OG.CSharp.Editor.csproj", "{7ECA880B-0FAA-6AE8-F9F2-E15D7914C3A8}"
EndProject
Global
	GlobalSection(SolutionConfigurationPlatforms) = preSolution
		Debug|Any CPU = Debug|Any CPU
		Release|Any CPU = Release|Any CPU
	EndGlobalSection
	GlobalSection(ProjectConfigurationPlatforms) = postSolution
		{6AFC22FF-6AE4-A684-7ADE-9DC30EC9DC81}.Debug|Any CPU.ActiveCfg = Debug|Any CPU
		{6AFC22FF-6AE4-A684-7ADE-9DC30EC9DC81}.Debug|Any CPU.Build.0 = Debug|Any CPU
		{6AFC22FF-6AE4-A684-7ADE-9DC30EC9DC81}.Release|Any CPU.ActiveCfg = Release|Any CPU
		{6AFC22FF-6AE4-A684-7ADE-9DC30EC9DC81}.Release|Any CPU.Build.0 = Release|Any CPU
		{814B029F-D19B-985E-1580-EE3D8066008E}.Debug|Any CPU.ActiveCfg = Debug|Any CPU
		{814B029F-D19B-985E-1580-EE3D8066008E}.Debug|Any CPU.Build.0 = Debug|Any CPU
		{814B029F-D19B-985E-1580-EE3D8066008E}.Release|Any CPU.ActiveCfg = Release|Any CPU
		{814B029F-D19B-985E-1580-EE3D8066008E}.Release|Any CPU.Build.0 = Release|Any CPU
		{7ECA880B-0FAA-6AE8-F9F2-E15D7914C3A8}.Debug|Any CPU.ActiveCfg = Debug|Any CPU
		{7ECA880B-0FAA-6AE8-F9F2-E15D7914C3A8}.Debug|Any CPU.Build.0 = Debug|Any CPU
		{7ECA880B-0FAA-6AE8-F9F2-E15D7914C3A8}.Release|Any CPU.ActiveCfg = Release|Any CPU
		{7ECA880B-0FAA-6AE8-F9F2-E15D7914C3A8}.Release|Any CPU.Build.0 = Release|Any CPU
	EndGlobalSection
	GlobalSection(SolutionProperties) = preSolution
		HideSolutionNode = FALSE
	EndGlobalSection
EndGlobal
